
Microsoft Visual Studio Solution File, Format Version 12.00
# Visual Studio 14
VisualStudioVersion = 14.0.22310.1
MinimumVisualStudioVersion = 10.0.40219.1
Project("{FAE04EC0-301F-11D3-BF4B-00C04F79EFBC}") = "Dargon.Hydar.Impl", "Dargon.Hydar.Impl.csproj", "{27FCE073-ACCE-42AB-B85E-67EF69C866A6}"
EndProject
Project("{FAE04EC0-301F-11D3-BF4B-00C04F79EFBC}") = "Dargon.Hydar.Tests", "Tests\Dargon.Hydar.Tests.csproj", "{94481B0F-62CC-433B-9A9E-50DB7F50FCE5}"
EndProject
Project("{FAE04EC0-301F-11D3-BF4B-00C04F79EFBC}") = "DummyApplication", "DummyApplication\DummyApplication.csproj", "{CBA0BE47-35F8-408F-8EC0-3ED1C3347B00}"
EndProject
Project("{FAE04EC0-301F-11D3-BF4B-00C04F79EFBC}") = "Dargon.Hydar.Api", "..\libdargon.hydar-api\Dargon.Hydar.Api.csproj", "{EEA8CBE9-90F7-4411-A7A5-A702C902D02F}"
EndProject
Project("{FAE04EC0-301F-11D3-BF4B-00C04F79EFBC}") = "Dargon.Hydar.Clustering.Api", "Dargon.Hydar.Clustering.Api\Dargon.Hydar.Clustering.Api.csproj", "{857A034F-C116-4DBC-885C-24D7477130E9}"
EndProject
Project("{FAE04EC0-301F-11D3-BF4B-00C04F79EFBC}") = "Dargon.Hydar.Clustering.Impl", "Dargon.Hydar.Clustering.Impl\Dargon.Hydar.Clustering.Impl.csproj", "{15F3B2C3-AA68-4F95-9140-33F0751EF72C}"
EndProject
Project("{FAE04EC0-301F-11D3-BF4B-00C04F79EFBC}") = "Dargon.Hydar.Networking.Api", "Dargon.Hydar.Networking.Api\Dargon.Hydar.Networking.Api.csproj", "{82C1B545-9A77-4D33-A8C2-53BB7D3F8CFF}"
EndProject
Project("{FAE04EC0-301F-11D3-BF4B-00C04F79EFBC}") = "Dargon.Hydar.Networking.Impl", "Dargon.Hydar.Networking.Impl\Dargon.Hydar.Networking.Impl.csproj", "{510D1FBB-010C-47CA-850C-8CA730341465}"
EndProject
Project("{FAE04EC0-301F-11D3-BF4B-00C04F79EFBC}") = "Dargon.Hydar.Utilities", "Dargon.Hydar.Utilities\Dargon.Hydar.Utilities.csproj", "{BE5CBF24-6EE6-43CB-B7E0-AF5F340BBDD8}"
EndProject
Project("{2150E333-8FDC-42A3-9474-1A3956D46DE8}") = "Documentation", "Documentation", "{989F558E-5437-4D3D-BF6F-6B320B89BED0}"
	ProjectSection(SolutionItems) = preProject
		hydar_pof_ranges.txt = hydar_pof_ranges.txt
	EndProjectSection
EndProject
Project("{FAE04EC0-301F-11D3-BF4B-00C04F79EFBC}") = "Dargon.Hydar.AtomicProposals.Api", "Dargon.Hydar.Proposals.Api\Dargon.Hydar.AtomicProposals.Api.csproj", "{655D930A-5CDC-47CF-B4A9-E158C16AA925}"
EndProject
Project("{FAE04EC0-301F-11D3-BF4B-00C04F79EFBC}") = "Dargon.Hydar.AtomicProposals.Impl", "Dargon.Hydar.Proposals.Impl\Dargon.Hydar.AtomicProposals.Impl.csproj", "{812B373A-91E2-4640-9B8A-6AAC225EC48A}"
EndProject
Project("{FAE04EC0-301F-11D3-BF4B-00C04F79EFBC}") = "Dargon.Hydar.Caching.Impl", "Dargon.Hydar.Caching.Impl\Dargon.Hydar.Caching.Impl.csproj", "{3311AC76-BE04-4A11-8350-BAF88EE46305}"
EndProject
Project("{FAE04EC0-301F-11D3-BF4B-00C04F79EFBC}") = "Dargon.Hydar.Caching.Api", "Dargon.Hydar.Caching.Api\Dargon.Hydar.Caching.Api.csproj", "{84DF356C-E99B-424E-9467-543E0476701D}"
EndProject
Global
	GlobalSection(SolutionConfigurationPlatforms) = preSolution
		Debug|Any CPU = Debug|Any CPU
		Release|Any CPU = Release|Any CPU
	EndGlobalSection
	GlobalSection(ProjectConfigurationPlatforms) = postSolution
		{27FCE073-ACCE-42AB-B85E-67EF69C866A6}.Debug|Any CPU.ActiveCfg = Debug|Any CPU
		{27FCE073-ACCE-42AB-B85E-67EF69C866A6}.Debug|Any CPU.Build.0 = Debug|Any CPU
		{27FCE073-ACCE-42AB-B85E-67EF69C866A6}.Release|Any CPU.ActiveCfg = Release|Any CPU
		{27FCE073-ACCE-42AB-B85E-67EF69C866A6}.Release|Any CPU.Build.0 = Release|Any CPU
		{94481B0F-62CC-433B-9A9E-50DB7F50FCE5}.Debug|Any CPU.ActiveCfg = Debug|Any CPU
		{94481B0F-62CC-433B-9A9E-50DB7F50FCE5}.Debug|Any CPU.Build.0 = Debug|Any CPU
		{94481B0F-62CC-433B-9A9E-50DB7F50FCE5}.Release|Any CPU.ActiveCfg = Release|Any CPU
		{94481B0F-62CC-433B-9A9E-50DB7F50FCE5}.Release|Any CPU.Build.0 = Release|Any CPU
		{CBA0BE47-35F8-408F-8EC0-3ED1C3347B00}.Debug|Any CPU.ActiveCfg = Debug|Any CPU
		{CBA0BE47-35F8-408F-8EC0-3ED1C3347B00}.Debug|Any CPU.Build.0 = Debug|Any CPU
		{CBA0BE47-35F8-408F-8EC0-3ED1C3347B00}.Release|Any CPU.ActiveCfg = Release|Any CPU
		{CBA0BE47-35F8-408F-8EC0-3ED1C3347B00}.Release|Any CPU.Build.0 = Release|Any CPU
		{EEA8CBE9-90F7-4411-A7A5-A702C902D02F}.Debug|Any CPU.ActiveCfg = Debug|Any CPU
		{EEA8CBE9-90F7-4411-A7A5-A702C902D02F}.Debug|Any CPU.Build.0 = Debug|Any CPU
		{EEA8CBE9-90F7-4411-A7A5-A702C902D02F}.Release|Any CPU.ActiveCfg = Release|Any CPU
		{EEA8CBE9-90F7-4411-A7A5-A702C902D02F}.Release|Any CPU.Build.0 = Release|Any CPU
		{857A034F-C116-4DBC-885C-24D7477130E9}.Debug|Any CPU.ActiveCfg = Debug|Any CPU
		{857A034F-C116-4DBC-885C-24D7477130E9}.Debug|Any CPU.Build.0 = Debug|Any CPU
		{857A034F-C116-4DBC-885C-24D7477130E9}.Release|Any CPU.ActiveCfg = Release|Any CPU
		{857A034F-C116-4DBC-885C-24D7477130E9}.Release|Any CPU.Build.0 = Release|Any CPU
		{15F3B2C3-AA68-4F95-9140-33F0751EF72C}.Debug|Any CPU.ActiveCfg = Debug|Any CPU
		{15F3B2C3-AA68-4F95-9140-33F0751EF72C}.Debug|Any CPU.Build.0 = Debug|Any CPU
		{15F3B2C3-AA68-4F95-9140-33F0751EF72C}.Release|Any CPU.ActiveCfg = Release|Any CPU
		{15F3B2C3-AA68-4F95-9140-33F0751EF72C}.Release|Any CPU.Build.0 = Release|Any CPU
		{82C1B545-9A77-4D33-A8C2-53BB7D3F8CFF}.Debug|Any CPU.ActiveCfg = Debug|Any CPU
		{82C1B545-9A77-4D33-A8C2-53BB7D3F8CFF}.Debug|Any CPU.Build.0 = Debug|Any CPU
		{82C1B545-9A77-4D33-A8C2-53BB7D3F8CFF}.Release|Any CPU.ActiveCfg = Release|Any CPU
		{82C1B545-9A77-4D33-A8C2-53BB7D3F8CFF}.Release|Any CPU.Build.0 = Release|Any CPU
		{510D1FBB-010C-47CA-850C-8CA730341465}.Debug|Any CPU.ActiveCfg = Debug|Any CPU
		{510D1FBB-010C-47CA-850C-8CA730341465}.Debug|Any CPU.Build.0 = Debug|Any CPU
		{510D1FBB-010C-47CA-850C-8CA730341465}.Release|Any CPU.ActiveCfg = Release|Any CPU
		{510D1FBB-010C-47CA-850C-8CA730341465}.Release|Any CPU.Build.0 = Release|Any CPU
		{BE5CBF24-6EE6-43CB-B7E0-AF5F340BBDD8}.Debug|Any CPU.ActiveCfg = Debug|Any CPU
		{BE5CBF24-6EE6-43CB-B7E0-AF5F340BBDD8}.Debug|Any CPU.Build.0 = Debug|Any CPU
		{BE5CBF24-6EE6-43CB-B7E0-AF5F340BBDD8}.Release|Any CPU.ActiveCfg = Release|Any CPU
		{BE5CBF24-6EE6-43CB-B7E0-AF5F340BBDD8}.Release|Any CPU.Build.0 = Release|Any CPU
		{655D930A-5CDC-47CF-B4A9-E158C16AA925}.Debug|Any CPU.ActiveCfg = Debug|Any CPU
		{655D930A-5CDC-47CF-B4A9-E158C16AA925}.Debug|Any CPU.Build.0 = Debug|Any CPU
		{655D930A-5CDC-47CF-B4A9-E158C16AA925}.Release|Any CPU.ActiveCfg = Release|Any CPU
		{655D930A-5CDC-47CF-B4A9-E158C16AA925}.Release|Any CPU.Build.0 = Release|Any CPU
		{812B373A-91E2-4640-9B8A-6AAC225EC48A}.Debug|Any CPU.ActiveCfg = Debug|Any CPU
		{812B373A-91E2-4640-9B8A-6AAC225EC48A}.Debug|Any CPU.Build.0 = Debug|Any CPU
		{812B373A-91E2-4640-9B8A-6AAC225EC48A}.Release|Any CPU.ActiveCfg = Release|Any CPU
		{812B373A-91E2-4640-9B8A-6AAC225EC48A}.Release|Any CPU.Build.0 = Release|Any CPU
		{3311AC76-BE04-4A11-8350-BAF88EE46305}.Debug|Any CPU.ActiveCfg = Debug|Any CPU
		{3311AC76-BE04-4A11-8350-BAF88EE46305}.Debug|Any CPU.Build.0 = Debug|Any CPU
		{3311AC76-BE04-4A11-8350-BAF88EE46305}.Release|Any CPU.ActiveCfg = Release|Any CPU
		{3311AC76-BE04-4A11-8350-BAF88EE46305}.Release|Any CPU.Build.0 = Release|Any CPU
		{84DF356C-E99B-424E-9467-543E0476701D}.Debug|Any CPU.ActiveCfg = Debug|Any CPU
		{84DF356C-E99B-424E-9467-543E0476701D}.Debug|Any CPU.Build.0 = Debug|Any CPU
		{84DF356C-E99B-424E-9467-543E0476701D}.Release|Any CPU.ActiveCfg = Release|Any CPU
		{84DF356C-E99B-424E-9467-543E0476701D}.Release|Any CPU.Build.0 = Release|Any CPU
	EndGlobalSection
	GlobalSection(SolutionProperties) = preSolution
		HideSolutionNode = FALSE
	EndGlobalSection
EndGlobal
